{
  "version": 4,
  "terraform_version": "0.12.30",
  "serial": 11,
  "lineage": "714d6d39-0236-a4ac-d2a2-661c2ccd488d",
  "outputs": {},
  "resources": [
    {
      "mode": "managed",
      "type": "google_compute_instance",
      "name": "vm_instance",
      "provider": "provider.google",
      "instances": [
        {
          "schema_version": 6,
          "attributes": {
            "allow_stopping_for_update": null,
            "attached_disk": [],
            "boot_disk": [
              {
                "auto_delete": true,
                "device_name": "persistent-disk-0",
                "disk_encryption_key_raw": "d2VuaHNneWl0ZWZib3Bxd3JtaWZkcmViaXlwcHVqaGg=",
                "disk_encryption_key_sha256": "HYOkqR/sYg6NBBMNuwp0PRTQ1Ut6cTIMNCCi5M7pKPM=",
                "initialize_params": [
                  {
                    "image": "https://www.googleapis.com/compute/v1/projects/centos-cloud/global/images/centos-7-v20210217",
                    "labels": {},
                    "size": 20,
                    "type": "pd-standard"
                  }
                ],
                "kms_key_self_link": "",
                "mode": "READ_WRITE",
                "source": "https://www.googleapis.com/compute/v1/projects/services-exp-labs-1/zones/us-west1-a/disks/terraform-instance"
              }
            ],
            "can_ip_forward": false,
            "cpu_platform": "Intel Broadwell",
            "current_status": "RUNNING",
            "deletion_protection": false,
            "description": "",
            "desired_status": null,
            "enable_display": false,
            "guest_accelerator": [],
            "hostname": "",
            "id": "projects/services-exp-labs-1/zones/us-west1-a/instances/terraform-instance",
            "instance_id": "1816568936580539207",
            "label_fingerprint": "WJWNZ4TqSag=",
            "labels": {
              "environment": "test",
              "task": "1"
            },
            "machine_type": "f1-micro",
            "metadata": {
              "block-project-ssh-keys": "true",
              "serial-port-enable": "false"
            },
            "metadata_fingerprint": "zjmNphIDcS4=",
            "metadata_startup_script": "",
            "min_cpu_platform": "",
            "name": "terraform-instance",
            "network_interface": [
              {
                "access_config": [
                  {
                    "nat_ip": "34.105.8.53",
                    "network_tier": "PREMIUM",
                    "public_ptr_domain_name": ""
                  }
                ],
                "alias_ip_range": [],
                "name": "nic0",
                "network": "https://www.googleapis.com/compute/v1/projects/services-exp-labs-1/global/networks/default",
                "network_ip": "10.138.0.3",
                "subnetwork": "https://www.googleapis.com/compute/v1/projects/services-exp-labs-1/regions/us-west1/subnetworks/default",
                "subnetwork_project": "services-exp-labs-1"
              }
            ],
            "project": "services-exp-labs-1",
            "resource_policies": null,
            "scheduling": [
              {
                "automatic_restart": true,
                "node_affinities": [],
                "on_host_maintenance": "MIGRATE",
                "preemptible": false
              }
            ],
            "scratch_disk": [],
            "self_link": "https://www.googleapis.com/compute/v1/projects/services-exp-labs-1/zones/us-west1-a/instances/terraform-instance",
            "service_account": [
              {
                "email": "task1-service-account3@services-exp-labs-1.iam.gserviceaccount.com",
                "scopes": [
                  "https://www.googleapis.com/auth/cloud-platform"
                ]
              }
            ],
            "shielded_instance_config": [
              {
                "enable_integrity_monitoring": true,
                "enable_secure_boot": false,
                "enable_vtpm": true
              }
            ],
            "tags": null,
            "tags_fingerprint": "42WmSpB8rSM=",
            "timeouts": null,
            "zone": "us-west1-a"
          },
          "private": "eyJlMmJmYjczMC1lY2FhLTExZTYtOGY4OC0zNDM2M2JjN2M0YzAiOnsiY3JlYXRlIjoxMjAwMDAwMDAwMDAwLCJkZWxldGUiOjEyMDAwMDAwMDAwMDAsInVwZGF0ZSI6MTIwMDAwMDAwMDAwMH0sInNjaGVtYV92ZXJzaW9uIjoiNiJ9",
          "dependencies": [
            "google_service_account.task1_service3"
          ]
        }
      ]
    },
    {
      "mode": "managed",
      "type": "google_service_account",
      "name": "task1_service3",
      "provider": "provider.google",
      "instances": [
        {
          "schema_version": 0,
          "attributes": {
            "account_id": "task1-service-account3",
            "description": "",
            "display_name": "task1-service-account3",
            "email": "task1-service-account3@services-exp-labs-1.iam.gserviceaccount.com",
            "id": "projects/services-exp-labs-1/serviceAccounts/task1-service-account3@services-exp-labs-1.iam.gserviceaccount.com",
            "name": "projects/services-exp-labs-1/serviceAccounts/task1-service-account3@services-exp-labs-1.iam.gserviceaccount.com",
            "project": "services-exp-labs-1",
            "unique_id": "111357348029389035326"
          },
          "private": "bnVsbA=="
        }
      ]
    }
  ]
}
